// !$*UTF8*$!
{
	archiveVersion = 1;
	classes = {
	};
	objectVersion = 56;
	objects = {

/* Begin PBXBuildFile section */
		5B5F97C42BD7FB77007F0887 /* iDineApp.swift in Sources */ = {isa = PBXBuildFile; fileRef = 5B5F97C32BD7FB77007F0887 /* iDineApp.swift */; };
		5B5F97C62BD7FB77007F0887 /* ContentView.swift in Sources */ = {isa = PBXBuildFile; fileRef = 5B5F97C52BD7FB77007F0887 /* ContentView.swift */; };
		5B5F97C82BD7FB7A007F0887 /* Assets.xcassets in Resources */ = {isa = PBXBuildFile; fileRef = 5B5F97C72BD7FB7A007F0887 /* Assets.xcassets */; };
		5B5F97CB2BD7FB7A007F0887 /* Preview Assets.xcassets in Resources */ = {isa = PBXBuildFile; fileRef = 5B5F97CA2BD7FB7A007F0887 /* Preview Assets.xcassets */; };
		5B5F97D82BD80280007F0887 /* Helper.swift in Sources */ = {isa = PBXBuildFile; fileRef = 5B5F97D72BD80280007F0887 /* Helper.swift */; };
		5B5F97DB2BD802C4007F0887 /* Order.swift in Sources */ = {isa = PBXBuildFile; fileRef = 5B5F97D92BD802C4007F0887 /* Order.swift */; };
		5B5F97DC2BD802C4007F0887 /* Menu.swift in Sources */ = {isa = PBXBuildFile; fileRef = 5B5F97DA2BD802C4007F0887 /* Menu.swift */; };
		5B5F98E42BD81072007F0887 /* menu.json in Resources */ = {isa = PBXBuildFile; fileRef = 5B5F98E32BD81072007F0887 /* menu.json */; };
		5B5F98E62BD81A70007F0887 /* ItemRow.swift in Sources */ = {isa = PBXBuildFile; fileRef = 5B5F98E52BD81A70007F0887 /* ItemRow.swift */; };
		5B5F98EC2BD96AA8007F0887 /* ItemDetail.swift in Sources */ = {isa = PBXBuildFile; fileRef = 5B5F98EB2BD96AA8007F0887 /* ItemDetail.swift */; };
/* End PBXBuildFile section */

/* Begin PBXFileReference section */
		5B5F97C02BD7FB77007F0887 /* iDine.app */ = {isa = PBXFileReference; explicitFileType = wrapper.application; includeInIndex = 0; path = iDine.app; sourceTree = BUILT_PRODUCTS_DIR; };
		5B5F97C32BD7FB77007F0887 /* iDineApp.swift */ = {isa = PBXFileReference; lastKnownFileType = sourcecode.swift; path = iDineApp.swift; sourceTree = "<group>"; };
		5B5F97C52BD7FB77007F0887 /* ContentView.swift */ = {isa = PBXFileReference; lastKnownFileType = sourcecode.swift; path = ContentView.swift; sourceTree = "<group>"; };
		5B5F97C72BD7FB7A007F0887 /* Assets.xcassets */ = {isa = PBXFileReference; lastKnownFileType = folder.assetcatalog; path = Assets.xcassets; sourceTree = "<group>"; };
		5B5F97CA2BD7FB7A007F0887 /* Preview Assets.xcassets */ = {isa = PBXFileReference; lastKnownFileType = folder.assetcatalog; path = "Preview Assets.xcassets"; sourceTree = "<group>"; };
		5B5F97D72BD80280007F0887 /* Helper.swift */ = {isa = PBXFileReference; fileEncoding = 4; lastKnownFileType = sourcecode.swift; path = Helper.swift; sourceTree = "<group>"; };
		5B5F97D92BD802C4007F0887 /* Order.swift */ = {isa = PBXFileReference; fileEncoding = 4; lastKnownFileType = sourcecode.swift; path = Order.swift; sourceTree = "<group>"; };
		5B5F97DA2BD802C4007F0887 /* Menu.swift */ = {isa = PBXFileReference; fileEncoding = 4; lastKnownFileType = sourcecode.swift; path = Menu.swift; sourceTree = "<group>"; };
		5B5F98E32BD81072007F0887 /* menu.json */ = {isa = PBXFileReference; fileEncoding = 4; lastKnownFileType = text.json; path = menu.json; sourceTree = "<group>"; };
		5B5F98E52BD81A70007F0887 /* ItemRow.swift */ = {isa = PBXFileReference; lastKnownFileType = sourcecode.swift; path = ItemRow.swift; sourceTree = "<group>"; };
		5B5F98EB2BD96AA8007F0887 /* ItemDetail.swift */ = {isa = PBXFileReference; lastKnownFileType = sourcecode.swift; path = ItemDetail.swift; sourceTree = "<group>"; };
/* End PBXFileReference section */

/* Begin PBXFrameworksBuildPhase section */
		5B5F97BD2BD7FB77007F0887 /* Frameworks */ = {
			isa = PBXFrameworksBuildPhase;
			buildActionMask = 2147483647;
			files = (
			);
			runOnlyForDeploymentPostprocessing = 0;
		};
/* End PBXFrameworksBuildPhase section */

/* Begin PBXGroup section */
		5B5F97B72BD7FB77007F0887 = {
			isa = PBXGroup;
			children = (
				5B5F97C22BD7FB77007F0887 /* iDine */,
				5B5F97C12BD7FB77007F0887 /* Products */,
			);
			sourceTree = "<group>";
		};
		5B5F97C12BD7FB77007F0887 /* Products */ = {
			isa = PBXGroup;
			children = (
				5B5F97C02BD7FB77007F0887 /* iDine.app */,
			);
			name = Products;
			sourceTree = "<group>";
		};
		5B5F97C22BD7FB77007F0887 /* iDine */ = {
			isa = PBXGroup;
			children = (
				5B5F98EA2BD81DE6007F0887 /* JSONs */,
				5B5F98E92BD81D9A007F0887 /* Utils */,
				5B5F98E82BD81D8D007F0887 /* Models */,
				5B5F98E72BD81D83007F0887 /* Views */,
				5B5F97C32BD7FB77007F0887 /* iDineApp.swift */,
				5B5F97C72BD7FB7A007F0887 /* Assets.xcassets */,
				5B5F97C92BD7FB7A007F0887 /* Preview Content */,
			);
			path = iDine;
			sourceTree = "<group>";
		};
		5B5F97C92BD7FB7A007F0887 /* Preview Content */ = {
			isa = PBXGroup;
			children = (
				5B5F97CA2BD7FB7A007F0887 /* Preview Assets.xcassets */,
			);
			path = "Preview Content";
			sourceTree = "<group>";
		};
		5B5F98E72BD81D83007F0887 /* Views */ = {
			isa = PBXGroup;
			children = (
				5B5F97C52BD7FB77007F0887 /* ContentView.swift */,
				5B5F98E52BD81A70007F0887 /* ItemRow.swift */,
				5B5F98EB2BD96AA8007F0887 /* ItemDetail.swift */,
			);
			path = Views;
			sourceTree = "<group>";
		};
		5B5F98E82BD81D8D007F0887 /* Models */ = {
			isa = PBXGroup;
			children = (
				5B5F97DA2BD802C4007F0887 /* Menu.swift */,
				5B5F97D92BD802C4007F0887 /* Order.swift */,
			);
			path = Models;
			sourceTree = "<group>";
		};
		5B5F98E92BD81D9A007F0887 /* Utils */ = {
			isa = PBXGroup;
			children = (
				5B5F97D72BD80280007F0887 /* Helper.swift */,
			);
			path = Utils;
			sourceTree = "<group>";
		};
		5B5F98EA2BD81DE6007F0887 /* JSONs */ = {
			isa = PBXGroup;
			children = (
				5B5F98E32BD81072007F0887 /* menu.json */,
			);
			path = JSONs;
			sourceTree = "<group>";
		};
/* End PBXGroup section */

/* Begin PBXNativeTarget section */
		5B5F97BF2BD7FB77007F0887 /* iDine */ = {
			isa = PBXNativeTarget;
			buildConfigurationList = 5B5F97CE2BD7FB7A007F0887 /* Build configuration list for PBXNativeTarget "iDine" */;
			buildPhases = (
				5B5F97BC2BD7FB77007F0887 /* Sources */,
				5B5F97BD2BD7FB77007F0887 /* Frameworks */,
				5B5F97BE2BD7FB77007F0887 /* Resources */,
			);
			buildRules = (
			);
			dependencies = (
			);
			name = iDine;
			productName = iDine;
			productReference = 5B5F97C02BD7FB77007F0887 /* iDine.app */;
			productType = "com.apple.product-type.application";
		};
/* End PBXNativeTarget section */

/* Begin PBXProject section */
		5B5F97B82BD7FB77007F0887 /* Project object */ = {
			isa = PBXProject;
			attributes = {
				BuildIndependentTargetsInParallel = 1;
				LastSwiftUpdateCheck = 1520;
				LastUpgradeCheck = 1520;
				TargetAttributes = {
					5B5F97BF2BD7FB77007F0887 = {
						CreatedOnToolsVersion = 15.2;
					};
				};
			};
			buildConfigurationList = 5B5F97BB2BD7FB77007F0887 /* Build configuration list for PBXProject "iDine" */;
			compatibilityVersion = "Xcode 14.0";
			developmentRegion = en;
			hasScannedForEncodings = 0;
			knownRegions = (
				en,
				Base,
			);
			mainGroup = 5B5F97B72BD7FB77007F0887;
			productRefGroup = 5B5F97C12BD7FB77007F0887 /* Products */;
			projectDirPath = "";
			projectRoot = "";
			targets = (
				5B5F97BF2BD7FB77007F0887 /* iDine */,
			);
		};
/* End PBXProject section */

/* Begin PBXResourcesBuildPhase section */
		5B5F97BE2BD7FB77007F0887 /* Resources */ = {
			isa = PBXResourcesBuildPhase;
			buildActionMask = 2147483647;
			files = (
				5B5F98E42BD81072007F0887 /* menu.json in Resources */,
				5B5F97CB2BD7FB7A007F0887 /* Preview Assets.xcassets in Resources */,
				5B5F97C82BD7FB7A007F0887 /* Assets.xcassets in Resources */,
			);
			runOnlyForDeploymentPostprocessing = 0;
		};
/* End PBXResourcesBuildPhase section */

/* Begin PBXSourcesBuildPhase section */
		5B5F97BC2BD7FB77007F0887 /* Sources */ = {
			isa = PBXSourcesBuildPhase;
			buildActionMask = 2147483647;
			files = (
				5B5F98EC2BD96AA8007F0887 /* ItemDetail.swift in Sources */,
				5B5F97C62BD7FB77007F0887 /* ContentView.swift in Sources */,
				5B5F97C42BD7FB77007F0887 /* iDineApp.swift in Sources */,
				5B5F97DB2BD802C4007F0887 /* Order.swift in Sources */,
				5B5F98E62BD81A70007F0887 /* ItemRow.swift in Sources */,
				5B5F97D82BD80280007F0887 /* Helper.swift in Sources */,
				5B5F97DC2BD802C4007F0887 /* Menu.swift in Sources */,
			);
			runOnlyForDeploymentPostprocessing = 0;
		};
/* End PBXSourcesBuildPhase section */

/* Begin XCBuildConfiguration section */
		5B5F97CC2BD7FB7A007F0887 /* Debug */ = {
			isa = XCBuildConfiguration;
			buildSettings = {
				ALWAYS_SEARCH_USER_PATHS = NO;
				ASSETCATALOG_COMPILER_GENERATE_SWIFT_ASSET_SYMBOL_EXTENSIONS = YES;
				CLANG_ANALYZER_NONNULL = YES;
				CLANG_ANALYZER_NUMBER_OBJECT_CONVERSION = YES_AGGRESSIVE;
				CLANG_CXX_LANGUAGE_STANDARD = "gnu++20";
				CLANG_ENABLE_MODULES = YES;
				CLANG_ENABLE_OBJC_ARC = YES;
				CLANG_ENABLE_OBJC_WEAK = YES;
				CLANG_WARN_BLOCK_CAPTURE_AUTORELEASING = YES;
				CLANG_WARN_BOOL_CONVERSION = YES;
				CLANG_WARN_COMMA = YES;
				CLANG_WARN_CONSTANT_CONVERSION = YES;
				CLANG_WARN_DEPRECATED_OBJC_IMPLEMENTATIONS = YES;
				CLANG_WARN_DIRECT_OBJC_ISA_USAGE = YES_ERROR;
				CLANG_WARN_DOCUMENTATION_COMMENTS = YES;
				CLANG_WARN_EMPTY_BODY = YES;
				CLANG_WARN_ENUM_CONVERSION = YES;
				CLANG_WARN_INFINITE_RECURSION = YES;
				CLANG_WARN_INT_CONVERSION = YES;
				CLANG_WARN_NON_LITERAL_NULL_CONVERSION = YES;
				CLANG_WARN_OBJC_IMPLICIT_RETAIN_SELF = YES;
				CLANG_WARN_OBJC_LITERAL_CONVERSION = YES;
				CLANG_WARN_OBJC_ROOT_CLASS = YES_ERROR;
				CLANG_WARN_QUOTED_INCLUDE_IN_FRAMEWORK_HEADER = YES;
				CLANG_WARN_RANGE_LOOP_ANALYSIS = YES;
				CLANG_WARN_STRICT_PROTOTYPES = YES;
				CLANG_WARN_SUSPICIOUS_MOVE = YES;
				CLANG_WARN_UNGUARDED_AVAILABILITY = YES_AGGRESSIVE;
				CLANG_WARN_UNREACHABLE_CODE = YES;
				CLANG_WARN__DUPLICATE_METHOD_MATCH = YES;
				COPY_PHASE_STRIP = NO;
				DEBUG_INFORMATION_FORMAT = dwarf;
				ENABLE_STRICT_OBJC_MSGSEND = YES;
				ENABLE_TESTABILITY = YES;
				ENABLE_USER_SCRIPT_SANDBOXING = YES;
				GCC_C_LANGUAGE_STANDARD = gnu17;
				GCC_DYNAMIC_NO_PIC = NO;
				GCC_NO_COMMON_BLOCKS = YES;
				GCC_OPTIMIZATION_LEVEL = 0;
				GCC_PREPROCESSOR_DEFINITIONS = (
					"DEBUG=1",
					"$(inherited)",
				);
				GCC_WARN_64_TO_32_BIT_CONVERSION = YES;
				GCC_WARN_ABOUT_RETURN_TYPE = YES_ERROR;
				GCC_WARN_UNDECLARED_SELECTOR = YES;
				GCC_WARN_UNINITIALIZED_AUTOS = YES_AGGRESSIVE;
				GCC_WARN_UNUSED_FUNCTION = YES;
				GCC_WARN_UNUSED_VARIABLE = YES;
				IPHONEOS_DEPLOYMENT_TARGET = 17.2;
				LOCALIZATION_PREFERS_STRING_CATALOGS = YES;
				MTL_ENABLE_DEBUG_INFO = INCLUDE_SOURCE;
				MTL_FAST_MATH = YES;
				ONLY_ACTIVE_ARCH = YES;
				SDKROOT = iphoneos;
				SWIFT_ACTIVE_COMPILATION_CONDITIONS = "DEBUG $(inherited)";
				SWIFT_OPTIMIZATION_LEVEL = "-Onone";
			};
			name = Debug;
		};
		5B5F97CD2BD7FB7A007F0887 /* Release */ = {
			isa = XCBuildConfiguration;
			buildSettings = {
				ALWAYS_SEARCH_USER_PATHS = NO;
				ASSETCATALOG_COMPILER_GENERATE_SWIFT_ASSET_SYMBOL_EXTENSIONS = YES;
				CLANG_ANALYZER_NONNULL = YES;
				CLANG_ANALYZER_NUMBER_OBJECT_CONVERSION = YES_AGGRESSIVE;
				CLANG_CXX_LANGUAGE_STANDARD = "gnu++20";
				CLANG_ENABLE_MODULES = YES;
				CLANG_ENABLE_OBJC_ARC = YES;
				CLANG_ENABLE_OBJC_WEAK = YES;
				CLANG_WARN_BLOCK_CAPTURE_AUTORELEASING = YES;
				CLANG_WARN_BOOL_CONVERSION = YES;
				CLANG_WARN_COMMA = YES;
				CLANG_WARN_CONSTANT_CONVERSION = YES;
				CLANG_WARN_DEPRECATED_OBJC_IMPLEMENTATIONS = YES;
				CLANG_WARN_DIRECT_OBJC_ISA_USAGE = YES_ERROR;
				CLANG_WARN_DOCUMENTATION_COMMENTS = YES;
				CLANG_WARN_EMPTY_BODY = YES;
				CLANG_WARN_ENUM_CONVERSION = YES;
				CLANG_WARN_INFINITE_RECURSION = YES;
				CLANG_WARN_INT_CONVERSION = YES;
				CLANG_WARN_NON_LITERAL_NULL_CONVERSION = YES;
				CLANG_WARN_OBJC_IMPLICIT_RETAIN_SELF = YES;
				CLANG_WARN_OBJC_LITERAL_CONVERSION = YES;
				CLANG_WARN_OBJC_ROOT_CLASS = YES_ERROR;
				CLANG_WARN_QUOTED_INCLUDE_IN_FRAMEWORK_HEADER = YES;
				CLANG_WARN_RANGE_LOOP_ANALYSIS = YES;
				CLANG_WARN_STRICT_PROTOTYPES = YES;
				CLANG_WARN_SUSPICIOUS_MOVE = YES;
				CLANG_WARN_UNGUARDED_AVAILABILITY = YES_AGGRESSIVE;
				CLANG_WARN_UNREACHABLE_CODE = YES;
				CLANG_WARN__DUPLICATE_METHOD_MATCH = YES;
				COPY_PHASE_STRIP = NO;
				DEBUG_INFORMATION_FORMAT = "dwarf-with-dsym";
				ENABLE_NS_ASSERTIONS = NO;
				ENABLE_STRICT_OBJC_MSGSEND = YES;
				ENABLE_USER_SCRIPT_SANDBOXING = YES;
				GCC_C_LANGUAGE_STANDARD = gnu17;
				GCC_NO_COMMON_BLOCKS = YES;
				GCC_WARN_64_TO_32_BIT_CONVERSION = YES;
				GCC_WARN_ABOUT_RETURN_TYPE = YES_ERROR;
				GCC_WARN_UNDECLARED_SELECTOR = YES;
				GCC_WARN_UNINITIALIZED_AUTOS = YES_AGGRESSIVE;
				GCC_WARN_UNUSED_FUNCTION = YES;
				GCC_WARN_UNUSED_VARIABLE = YES;
				IPHONEOS_DEPLOYMENT_TARGET = 17.2;
				LOCALIZATION_PREFERS_STRING_CATALOGS = YES;
				MTL_ENABLE_DEBUG_INFO = NO;
				MTL_FAST_MATH = YES;
				SDKROOT = iphoneos;
				SWIFT_COMPILATION_MODE = wholemodule;
				VALIDATE_PRODUCT = YES;
			};
			name = Release;
		};
		5B5F97CF2BD7FB7A007F0887 /* Debug */ = {
			isa = XCBuildConfiguration;
			buildSettings = {
				ASSETCATALOG_COMPILER_APPICON_NAME = AppIcon;
				ASSETCATALOG_COMPILER_GLOBAL_ACCENT_COLOR_NAME = AccentColor;
				CODE_SIGN_IDENTITY = "Apple Development";
				CODE_SIGN_STYLE = Automatic;
				CURRENT_PROJECT_VERSION = 1;
				DEVELOPMENT_ASSET_PATHS = "\"iDine/Preview Content\"";
				DEVELOPMENT_TEAM = J7FJ227YZA;
				ENABLE_PREVIEWS = YES;
				GENERATE_INFOPLIST_FILE = YES;
				INFOPLIST_KEY_UIApplicationSceneManifest_Generation = YES;
				INFOPLIST_KEY_UIApplicationSupportsIndirectInputEvents = YES;
				INFOPLIST_KEY_UILaunchScreen_Generation = YES;
				INFOPLIST_KEY_UISupportedInterfaceOrientations_iPad = "UIInterfaceOrientationPortrait UIInterfaceOrientationPortraitUpsideDown UIInterfaceOrientationLandscapeLeft UIInterfaceOrientationLandscapeRight";
				INFOPLIST_KEY_UISupportedInterfaceOrientations_iPhone = "UIInterfaceOrientationPortrait UIInterfaceOrientationLandscapeLeft UIInterfaceOrientationLandscapeRight";
				LD_RUNPATH_SEARCH_PATHS = (
					"$(inherited)",
					"@executable_path/Frameworks",
				);
				MARKETING_VERSION = 1.0;
				PRODUCT_BUNDLE_IDENTIFIER = com.iCamilo.iDine;
				PRODUCT_NAME = "$(TARGET_NAME)";
				PROVISIONING_PROFILE_SPECIFIER = "";
				SWIFT_EMIT_LOC_STRINGS = YES;
				SWIFT_VERSION = 5.0;
				TARGETED_DEVICE_FAMILY = "1,2";
			};
			name = Debug;
		};
		5B5F97D02BD7FB7A007F0887 /* Release */ = {
			isa = XCBuildConfiguration;
			buildSettings = {
				ASSETCATALOG_COMPILER_APPICON_NAME = AppIcon;
				ASSETCATALOG_COMPILER_GLOBAL_ACCENT_COLOR_NAME = AccentColor;
				CODE_SIGN_IDENTITY = "Apple Development";
				CODE_SIGN_STYLE = Automatic;
				CURRENT_PROJECT_VERSION = 1;
				DEVELOPMENT_ASSET_PATHS = "\"iDine/Preview Content\"";
				DEVELOPMENT_TEAM = J7FJ227YZA;
				ENABLE_PREVIEWS = YES;
				GENERATE_INFOPLIST_FILE = YES;
				INFOPLIST_KEY_UIApplicationSceneManifest_Generation = YES;
				INFOPLIST_KEY_UIApplicationSupportsIndirectInputEvents = YES;
				INFOPLIST_KEY_UILaunchScreen_Generation = YES;
				INFOPLIST_KEY_UISupportedInterfaceOrientations_iPad = "UIInterfaceOrientationPortrait UIInterfaceOrientationPortraitUpsideDown UIInterfaceOrientationLandscapeLeft UIInterfaceOrientationLandscapeRight";
				INFOPLIST_KEY_UISupportedInterfaceOrientations_iPhone = "UIInterfaceOrientationPortrait UIInterfaceOrientationLandscapeLeft UIInterfaceOrientationLandscapeRight";
				LD_RUNPATH_SEARCH_PATHS = (
					"$(inherited)",
					"@executable_path/Frameworks",
				);
				MARKETING_VERSION = 1.0;
				PRODUCT_BUNDLE_IDENTIFIER = com.iCamilo.iDine;
				PRODUCT_NAME = "$(TARGET_NAME)";
				PROVISIONING_PROFILE_SPECIFIER = "";
				SWIFT_EMIT_LOC_STRINGS = YES;
				SWIFT_VERSION = 5.0;
				TARGETED_DEVICE_FAMILY = "1,2";
			};
			name = Release;
		};
/* End XCBuildConfiguration section */

/* Begin XCConfigurationList section */
		5B5F97BB2BD7FB77007F0887 /* Build configuration list for PBXProject "iDine" */ = {
			isa = XCConfigurationList;
			buildConfigurations = (
				5B5F97CC2BD7FB7A007F0887 /* Debug */,
				5B5F97CD2BD7FB7A007F0887 /* Release */,
			);
			defaultConfigurationIsVisible = 0;
			defaultConfigurationName = Release;
		};
		5B5F97CE2BD7FB7A007F0887 /* Build configuration list for PBXNativeTarget "iDine" */ = {
			isa = XCConfigurationList;
			buildConfigurations = (
				5B5F97CF2BD7FB7A007F0887 /* Debug */,
				5B5F97D02BD7FB7A007F0887 /* Release */,
			);
			defaultConfigurationIsVisible = 0;
			defaultConfigurationName = Release;
		};
/* End XCConfigurationList section */
	};
	rootObject = 5B5F97B82BD7FB77007F0887 /* Project object */;
}
